// !$*UTF8*$!
{
	archiveVersion = 1;
	classes = {
	};
	objectVersion = 46;
	objects = {

/* Begin PBXBuildFile section */
		1B5312B717A8678B00D519D4 /* UIKit.framework in Frameworks */ = {isa = PBXBuildFile; fileRef = 1B5312B617A8678B00D519D4 /* UIKit.framework */; };
		1B5312B917A8678B00D519D4 /* Foundation.framework in Frameworks */ = {isa = PBXBuildFile; fileRef = 1B5312B817A8678B00D519D4 /* Foundation.framework */; };
		1B5312BB17A8678B00D519D4 /* CoreGraphics.framework in Frameworks */ = {isa = PBXBuildFile; fileRef = 1B5312BA17A8678B00D519D4 /* CoreGraphics.framework */; };
		1B5312C117A8678B00D519D4 /* InfoPlist.strings in Resources */ = {isa = PBXBuildFile; fileRef = 1B5312BF17A8678B00D519D4 /* InfoPlist.strings */; };
		1B5312C317A8678B00D519D4 /* main.m in Sources */ = {isa = PBXBuildFile; fileRef = 1B5312C217A8678B00D519D4 /* main.m */; };
		1B5312C717A8678B00D519D4 /* SoSAppDelegate.m in Sources */ = {isa = PBXBuildFile; fileRef = 1B5312C617A8678B00D519D4 /* SoSAppDelegate.m */; };
		1B5312C917A8678B00D519D4 /* Default.png in Resources */ = {isa = PBXBuildFile; fileRef = 1B5312C817A8678B00D519D4 /* Default.png */; };
		1B5312CB17A8678B00D519D4 /* Default@2x.png in Resources */ = {isa = PBXBuildFile; fileRef = 1B5312CA17A8678B00D519D4 /* Default@2x.png */; };
		1B5312CD17A8678B00D519D4 /* Default-568h@2x.png in Resources */ = {isa = PBXBuildFile; fileRef = 1B5312CC17A8678B00D519D4 /* Default-568h@2x.png */; };
		1B5312D517A867DB00D519D4 /* SoSContactsVC.m in Sources */ = {isa = PBXBuildFile; fileRef = 1B5312D417A867DB00D519D4 /* SoSContactsVC.m */; };
		1B5312D717A867F100D519D4 /* iphone.storyboard in Resources */ = {isa = PBXBuildFile; fileRef = 1B5312D617A867F100D519D4 /* iphone.storyboard */; };
		1B5312D917A8681300D519D4 /* background00.png in Resources */ = {isa = PBXBuildFile; fileRef = 1B5312D817A8681300D519D4 /* background00.png */; };
		1B5312DB17A8681D00D519D4 /* 3Nq51.png in Resources */ = {isa = PBXBuildFile; fileRef = 1B5312DA17A8681D00D519D4 /* 3Nq51.png */; };
		1B5312DD17A8682300D519D4 /* background02.png in Resources */ = {isa = PBXBuildFile; fileRef = 1B5312DC17A8682300D519D4 /* background02.png */; };
		1B5312DF17A868E500D519D4 /* SoSaddContactCell.xib in Resources */ = {isa = PBXBuildFile; fileRef = 1B5312DE17A868E500D519D4 /* SoSaddContactCell.xib */; };
		1B5312E217A8691B00D519D4 /* SoSaddContactCell.m in Sources */ = {isa = PBXBuildFile; fileRef = 1B5312E117A8691B00D519D4 /* SoSaddContactCell.m */; };
		1B5312E417A86AEA00D519D4 /* SoSviewContactCell.xib in Resources */ = {isa = PBXBuildFile; fileRef = 1B5312E317A86AEA00D519D4 /* SoSviewContactCell.xib */; };
		1B5312E717A86B0B00D519D4 /* SoSviewContactCell.m in Sources */ = {isa = PBXBuildFile; fileRef = 1B5312E617A86B0B00D519D4 /* SoSviewContactCell.m */; };
		1B5312EB17A87CF000D519D4 /* AddressBook.framework in Frameworks */ = {isa = PBXBuildFile; fileRef = 1B5312EA17A87CF000D519D4 /* AddressBook.framework */; };
		1B5312ED17A87CF600D519D4 /* AddressBookUI.framework in Frameworks */ = {isa = PBXBuildFile; fileRef = 1B5312EC17A87CF600D519D4 /* AddressBookUI.framework */; };
		1B89491A17B2C995006F0B30 /* red-button.png in Resources */ = {isa = PBXBuildFile; fileRef = 1B89491917B2C995006F0B30 /* red-button.png */; };
		1B89491C17B2DEF3006F0B30 /* fireIcon.png in Resources */ = {isa = PBXBuildFile; fileRef = 1B89491B17B2DEF3006F0B30 /* fireIcon.png */; };
		1B89491E17B2E591006F0B30 /* medicalCross.png in Resources */ = {isa = PBXBuildFile; fileRef = 1B89491D17B2E591006F0B30 /* medicalCross.png */; };
		1B89492417B2F0CB006F0B30 /* Gun-Silhouette-White.png in Resources */ = {isa = PBXBuildFile; fileRef = 1B89492317B2F0CB006F0B30 /* Gun-Silhouette-White.png */; };
		1B89492917B2F467006F0B30 /* SoSEmergencyVC.m in Sources */ = {isa = PBXBuildFile; fileRef = 1B89492817B2F467006F0B30 /* SoSEmergencyVC.m */; };
		1BDF612E17A8B3AD006A97D3 /* SoSContactDetailsVC.m in Sources */ = {isa = PBXBuildFile; fileRef = 1BDF612D17A8B3AD006A97D3 /* SoSContactDetailsVC.m */; };
		1BDF613117A9BD68006A97D3 /* QuartzCore.framework in Frameworks */ = {isa = PBXBuildFile; fileRef = 1BDF613017A9BD68006A97D3 /* QuartzCore.framework */; };
		1BDF613317A9BEBA006A97D3 /* defaultProfileImage.png in Resources */ = {isa = PBXBuildFile; fileRef = 1BDF613217A9BEBA006A97D3 /* defaultProfileImage.png */; };
		1BE2B8ED17B038D5001AAC9F /* customContactDetailCell.xib in Resources */ = {isa = PBXBuildFile; fileRef = 1BE2B8EC17B038D5001AAC9F /* customContactDetailCell.xib */; };
		1BE2B8F017B03C69001AAC9F /* SoSCustomContactDetailCell.m in Sources */ = {isa = PBXBuildFile; fileRef = 1BE2B8EF17B03C69001AAC9F /* SoSCustomContactDetailCell.m */; };
/* End PBXBuildFile section */

/* Begin PBXFileReference section */
		1B5312B317A8678B00D519D4 /* ISoS.app */ = {isa = PBXFileReference; explicitFileType = wrapper.application; includeInIndex = 0; path = ISoS.app; sourceTree = BUILT_PRODUCTS_DIR; };
		1B5312B617A8678B00D519D4 /* UIKit.framework */ = {isa = PBXFileReference; lastKnownFileType = wrapper.framework; name = UIKit.framework; path = System/Library/Frameworks/UIKit.framework; sourceTree = SDKROOT; };
		1B5312B817A8678B00D519D4 /* Foundation.framework */ = {isa = PBXFileReference; lastKnownFileType = wrapper.framework; name = Foundation.framework; path = System/Library/Frameworks/Foundation.framework; sourceTree = SDKROOT; };
		1B5312BA17A8678B00D519D4 /* CoreGraphics.framework */ = {isa = PBXFileReference; lastKnownFileType = wrapper.framework; name = CoreGraphics.framework; path = System/Library/Frameworks/CoreGraphics.framework; sourceTree = SDKROOT; };
		1B5312BE17A8678B00D519D4 /* ISoS-Info.plist */ = {isa = PBXFileReference; lastKnownFileType = text.plist.xml; path = "ISoS-Info.plist"; sourceTree = "<group>"; };
		1B5312C017A8678B00D519D4 /* en */ = {isa = PBXFileReference; lastKnownFileType = text.plist.strings; name = en; path = en.lproj/InfoPlist.strings; sourceTree = "<group>"; };
		1B5312C217A8678B00D519D4 /* main.m */ = {isa = PBXFileReference; lastKnownFileType = sourcecode.c.objc; path = main.m; sourceTree = "<group>"; };
		1B5312C417A8678B00D519D4 /* ISoS-Prefix.pch */ = {isa = PBXFileReference; lastKnownFileType = sourcecode.c.h; path = "ISoS-Prefix.pch"; sourceTree = "<group>"; };
		1B5312C517A8678B00D519D4 /* SoSAppDelegate.h */ = {isa = PBXFileReference; lastKnownFileType = sourcecode.c.h; path = SoSAppDelegate.h; sourceTree = "<group>"; };
		1B5312C617A8678B00D519D4 /* SoSAppDelegate.m */ = {isa = PBXFileReference; lastKnownFileType = sourcecode.c.objc; path = SoSAppDelegate.m; sourceTree = "<group>"; };
		1B5312C817A8678B00D519D4 /* Default.png */ = {isa = PBXFileReference; lastKnownFileType = image.png; path = Default.png; sourceTree = "<group>"; };
		1B5312CA17A8678B00D519D4 /* Default@2x.png */ = {isa = PBXFileReference; lastKnownFileType = image.png; path = "Default@2x.png"; sourceTree = "<group>"; };
		1B5312CC17A8678B00D519D4 /* Default-568h@2x.png */ = {isa = PBXFileReference; lastKnownFileType = image.png; path = "Default-568h@2x.png"; sourceTree = "<group>"; };
		1B5312D317A867DB00D519D4 /* SoSContactsVC.h */ = {isa = PBXFileReference; fileEncoding = 4; lastKnownFileType = sourcecode.c.h; path = SoSContactsVC.h; sourceTree = "<group>"; };
		1B5312D417A867DB00D519D4 /* SoSContactsVC.m */ = {isa = PBXFileReference; fileEncoding = 4; lastKnownFileType = sourcecode.c.objc; path = SoSContactsVC.m; sourceTree = "<group>"; };
		1B5312D617A867F100D519D4 /* iphone.storyboard */ = {isa = PBXFileReference; fileEncoding = 4; lastKnownFileType = file.storyboard; name = iphone.storyboard; path = ../iphone.storyboard; sourceTree = "<group>"; };
		1B5312D817A8681300D519D4 /* background00.png */ = {isa = PBXFileReference; lastKnownFileType = image.png; path = background00.png; sourceTree = "<group>"; };
		1B5312DA17A8681D00D519D4 /* 3Nq51.png */ = {isa = PBXFileReference; lastKnownFileType = image.png; path = 3Nq51.png; sourceTree = "<group>"; };
		1B5312DC17A8682300D519D4 /* background02.png */ = {isa = PBXFileReference; lastKnownFileType = image.png; path = background02.png; sourceTree = "<group>"; };
		1B5312DE17A868E500D519D4 /* SoSaddContactCell.xib */ = {isa = PBXFileReference; fileEncoding = 4; lastKnownFileType = file.xib; path = SoSaddContactCell.xib; sourceTree = "<group>"; };
		1B5312E017A8691B00D519D4 /* SoSaddContactCell.h */ = {isa = PBXFileReference; fileEncoding = 4; lastKnownFileType = sourcecode.c.h; path = SoSaddContactCell.h; sourceTree = "<group>"; };
		1B5312E117A8691B00D519D4 /* SoSaddContactCell.m */ = {isa = PBXFileReference; fileEncoding = 4; lastKnownFileType = sourcecode.c.objc; path = SoSaddContactCell.m; sourceTree = "<group>"; };
		1B5312E317A86AEA00D519D4 /* SoSviewContactCell.xib */ = {isa = PBXFileReference; fileEncoding = 4; lastKnownFileType = file.xib; path = SoSviewContactCell.xib; sourceTree = "<group>"; };
		1B5312E517A86B0B00D519D4 /* SoSviewContactCell.h */ = {isa = PBXFileReference; fileEncoding = 4; lastKnownFileType = sourcecode.c.h; path = SoSviewContactCell.h; sourceTree = "<group>"; };
		1B5312E617A86B0B00D519D4 /* SoSviewContactCell.m */ = {isa = PBXFileReference; fileEncoding = 4; lastKnownFileType = sourcecode.c.objc; path = SoSviewContactCell.m; sourceTree = "<group>"; };
		1B5312EA17A87CF000D519D4 /* AddressBook.framework */ = {isa = PBXFileReference; lastKnownFileType = wrapper.framework; name = AddressBook.framework; path = System/Library/Frameworks/AddressBook.framework; sourceTree = SDKROOT; };
		1B5312EC17A87CF600D519D4 /* AddressBookUI.framework */ = {isa = PBXFileReference; lastKnownFileType = wrapper.framework; name = AddressBookUI.framework; path = System/Library/Frameworks/AddressBookUI.framework; sourceTree = SDKROOT; };
		1B89491917B2C995006F0B30 /* red-button.png */ = {isa = PBXFileReference; lastKnownFileType = image.png; path = "red-button.png"; sourceTree = "<group>"; };
		1B89491B17B2DEF3006F0B30 /* fireIcon.png */ = {isa = PBXFileReference; lastKnownFileType = image.png; path = fireIcon.png; sourceTree = "<group>"; };
		1B89491D17B2E591006F0B30 /* medicalCross.png */ = {isa = PBXFileReference; lastKnownFileType = image.png; path = medicalCross.png; sourceTree = "<group>"; };
		1B89492317B2F0CB006F0B30 /* Gun-Silhouette-White.png */ = {isa = PBXFileReference; lastKnownFileType = image.png; path = "Gun-Silhouette-White.png"; sourceTree = "<group>"; };
		1B89492717B2F467006F0B30 /* SoSEmergencyVC.h */ = {isa = PBXFileReference; fileEncoding = 4; lastKnownFileType = sourcecode.c.h; path = SoSEmergencyVC.h; sourceTree = "<group>"; };
		1B89492817B2F467006F0B30 /* SoSEmergencyVC.m */ = {isa = PBXFileReference; fileEncoding = 4; lastKnownFileType = sourcecode.c.objc; path = SoSEmergencyVC.m; sourceTree = "<group>"; };
		1BDF612C17A8B3AD006A97D3 /* SoSContactDetailsVC.h */ = {isa = PBXFileReference; fileEncoding = 4; lastKnownFileType = sourcecode.c.h; path = SoSContactDetailsVC.h; sourceTree = "<group>"; };
		1BDF612D17A8B3AD006A97D3 /* SoSContactDetailsVC.m */ = {isa = PBXFileReference; fileEncoding = 4; lastKnownFileType = sourcecode.c.objc; path = SoSContactDetailsVC.m; sourceTree = "<group>"; };
		1BDF613017A9BD68006A97D3 /* QuartzCore.framework */ = {isa = PBXFileReference; lastKnownFileType = wrapper.framework; name = QuartzCore.framework; path = System/Library/Frameworks/QuartzCore.framework; sourceTree = SDKROOT; };
		1BDF613217A9BEBA006A97D3 /* defaultProfileImage.png */ = {isa = PBXFileReference; lastKnownFileType = image.png; path = defaultProfileImage.png; sourceTree = "<group>"; };
		1BE2B8EC17B038D5001AAC9F /* customContactDetailCell.xib */ = {isa = PBXFileReference; fileEncoding = 4; lastKnownFileType = file.xib; path = customContactDetailCell.xib; sourceTree = "<group>"; };
		1BE2B8EE17B03C69001AAC9F /* SoSCustomContactDetailCell.h */ = {isa = PBXFileReference; fileEncoding = 4; lastKnownFileType = sourcecode.c.h; path = SoSCustomContactDetailCell.h; sourceTree = "<group>"; };
		1BE2B8EF17B03C69001AAC9F /* SoSCustomContactDetailCell.m */ = {isa = PBXFileReference; fileEncoding = 4; lastKnownFileType = sourcecode.c.objc; path = SoSCustomContactDetailCell.m; sourceTree = "<group>"; };
/* End PBXFileReference section */

/* Begin PBXFrameworksBuildPhase section */
		1B5312B017A8678B00D519D4 /* Frameworks */ = {
			isa = PBXFrameworksBuildPhase;
			buildActionMask = 2147483647;
			files = (
				1BDF613117A9BD68006A97D3 /* QuartzCore.framework in Frameworks */,
				1B5312ED17A87CF600D519D4 /* AddressBookUI.framework in Frameworks */,
				1B5312EB17A87CF000D519D4 /* AddressBook.framework in Frameworks */,
				1B5312B717A8678B00D519D4 /* UIKit.framework in Frameworks */,
				1B5312B917A8678B00D519D4 /* Foundation.framework in Frameworks */,
				1B5312BB17A8678B00D519D4 /* CoreGraphics.framework in Frameworks */,
			);
			runOnlyForDeploymentPostprocessing = 0;
		};
/* End PBXFrameworksBuildPhase section */

/* Begin PBXGroup section */
		1B5312AA17A8678B00D519D4 = {
			isa = PBXGroup;
			children = (
				1B5312BC17A8678B00D519D4 /* ISoS */,
				1B5312B517A8678B00D519D4 /* Frameworks */,
				1B5312B417A8678B00D519D4 /* Products */,
			);
			sourceTree = "<group>";
		};
		1B5312B417A8678B00D519D4 /* Products */ = {
			isa = PBXGroup;
			children = (
				1B5312B317A8678B00D519D4 /* ISoS.app */,
			);
			name = Products;
			sourceTree = "<group>";
		};
		1B5312B517A8678B00D519D4 /* Frameworks */ = {
			isa = PBXGroup;
			children = (
				1BDF613017A9BD68006A97D3 /* QuartzCore.framework */,
				1B5312EC17A87CF600D519D4 /* AddressBookUI.framework */,
				1B5312EA17A87CF000D519D4 /* AddressBook.framework */,
				1B5312B617A8678B00D519D4 /* UIKit.framework */,
				1B5312B817A8678B00D519D4 /* Foundation.framework */,
				1B5312BA17A8678B00D519D4 /* CoreGraphics.framework */,
			);
			name = Frameworks;
			sourceTree = "<group>";
		};
		1B5312BC17A8678B00D519D4 /* ISoS */ = {
			isa = PBXGroup;
			children = (
				1B5312D617A867F100D519D4 /* iphone.storyboard */,
				1BDF612F17A8B3B8006A97D3 /* Controllers */,
				1B5312E817A86BA700D519D4 /* addContactCell */,
				1BE2B8F117B03C6E001AAC9F /* contactDetailCell */,
				1B5312E917A86BB800D519D4 /* viewContactCell */,
				1B5312BD17A8678B00D519D4 /* Supporting Files */,
			);
			path = ISoS;
			sourceTree = "<group>";
		};
		1B5312BD17A8678B00D519D4 /* Supporting Files */ = {
			isa = PBXGroup;
			children = (
				1B89492317B2F0CB006F0B30 /* Gun-Silhouette-White.png */,
				1B89491D17B2E591006F0B30 /* medicalCross.png */,
				1B89491B17B2DEF3006F0B30 /* fireIcon.png */,
				1B89491917B2C995006F0B30 /* red-button.png */,
				1BDF613217A9BEBA006A97D3 /* defaultProfileImage.png */,
				1B5312DC17A8682300D519D4 /* background02.png */,
				1B5312DA17A8681D00D519D4 /* 3Nq51.png */,
				1B5312D817A8681300D519D4 /* background00.png */,
				1B5312C517A8678B00D519D4 /* SoSAppDelegate.h */,
				1B5312C617A8678B00D519D4 /* SoSAppDelegate.m */,
				1B5312BE17A8678B00D519D4 /* ISoS-Info.plist */,
				1B5312BF17A8678B00D519D4 /* InfoPlist.strings */,
				1B5312C217A8678B00D519D4 /* main.m */,
				1B5312C417A8678B00D519D4 /* ISoS-Prefix.pch */,
				1B5312C817A8678B00D519D4 /* Default.png */,
				1B5312CA17A8678B00D519D4 /* Default@2x.png */,
				1B5312CC17A8678B00D519D4 /* Default-568h@2x.png */,
			);
			name = "Supporting Files";
			sourceTree = "<group>";
		};
		1B5312E817A86BA700D519D4 /* addContactCell */ = {
			isa = PBXGroup;
			children = (
				1B5312DE17A868E500D519D4 /* SoSaddContactCell.xib */,
				1B5312E017A8691B00D519D4 /* SoSaddContactCell.h */,
				1B5312E117A8691B00D519D4 /* SoSaddContactCell.m */,
			);
			name = addContactCell;
			path = ..;
			sourceTree = "<group>";
		};
		1B5312E917A86BB800D519D4 /* viewContactCell */ = {
			isa = PBXGroup;
			children = (
				1B5312E317A86AEA00D519D4 /* SoSviewContactCell.xib */,
				1B5312E517A86B0B00D519D4 /* SoSviewContactCell.h */,
				1B5312E617A86B0B00D519D4 /* SoSviewContactCell.m */,
			);
			name = viewContactCell;
			path = ..;
			sourceTree = "<group>";
		};
		1BDF612F17A8B3B8006A97D3 /* Controllers */ = {
			isa = PBXGroup;
			children = (
				1B89492717B2F467006F0B30 /* SoSEmergencyVC.h */,
				1B89492817B2F467006F0B30 /* SoSEmergencyVC.m */,
				1BDF612C17A8B3AD006A97D3 /* SoSContactDetailsVC.h */,
				1BDF612D17A8B3AD006A97D3 /* SoSContactDetailsVC.m */,
				1B5312D417A867DB00D519D4 /* SoSContactsVC.m */,
				1B5312D317A867DB00D519D4 /* SoSContactsVC.h */,
			);
			name = Controllers;
			sourceTree = "<group>";
		};
		1BE2B8F117B03C6E001AAC9F /* contactDetailCell */ = {
			isa = PBXGroup;
			children = (
				1BE2B8EC17B038D5001AAC9F /* customContactDetailCell.xib */,
				1BE2B8EE17B03C69001AAC9F /* SoSCustomContactDetailCell.h */,
				1BE2B8EF17B03C69001AAC9F /* SoSCustomContactDetailCell.m */,
			);
			name = contactDetailCell;
			sourceTree = "<group>";
		};
/* End PBXGroup section */

/* Begin PBXNativeTarget section */
		1B5312B217A8678B00D519D4 /* ISoS */ = {
			isa = PBXNativeTarget;
			buildConfigurationList = 1B5312D017A8678B00D519D4 /* Build configuration list for PBXNativeTarget "ISoS" */;
			buildPhases = (
				1B5312AF17A8678B00D519D4 /* Sources */,
				1B5312B017A8678B00D519D4 /* Frameworks */,
				1B5312B117A8678B00D519D4 /* Resources */,
			);
			buildRules = (
			);
			dependencies = (
			);
			name = ISoS;
			productName = ISoS;
			productReference = 1B5312B317A8678B00D519D4 /* ISoS.app */;
			productType = "com.apple.product-type.application";
		};
/* End PBXNativeTarget section */

/* Begin PBXProject section */
		1B5312AB17A8678B00D519D4 /* Project object */ = {
			isa = PBXProject;
			attributes = {
				CLASSPREFIX = SoS;
				LastUpgradeCheck = 0460;
				ORGANIZATIONNAME = "Ujwal Manjunath";
			};
			buildConfigurationList = 1B5312AE17A8678B00D519D4 /* Build configuration list for PBXProject "ISoS" */;
			compatibilityVersion = "Xcode 3.2";
			developmentRegion = English;
			hasScannedForEncodings = 0;
			knownRegions = (
				en,
			);
			mainGroup = 1B5312AA17A8678B00D519D4;
			productRefGroup = 1B5312B417A8678B00D519D4 /* Products */;
			projectDirPath = "";
			projectRoot = "";
			targets = (
				1B5312B217A8678B00D519D4 /* ISoS */,
			);
		};
/* End PBXProject section */

/* Begin PBXResourcesBuildPhase section */
		1B5312B117A8678B00D519D4 /* Resources */ = {
			isa = PBXResourcesBuildPhase;
			buildActionMask = 2147483647;
			files = (
				1B5312C117A8678B00D519D4 /* InfoPlist.strings in Resources */,
				1B5312C917A8678B00D519D4 /* Default.png in Resources */,
				1B5312CB17A8678B00D519D4 /* Default@2x.png in Resources */,
				1B5312CD17A8678B00D519D4 /* Default-568h@2x.png in Resources */,
				1B5312D717A867F100D519D4 /* iphone.storyboard in Resources */,
				1B5312D917A8681300D519D4 /* background00.png in Resources */,
				1B5312DB17A8681D00D519D4 /* 3Nq51.png in Resources */,
				1B5312DD17A8682300D519D4 /* background02.png in Resources */,
				1B5312DF17A868E500D519D4 /* SoSaddContactCell.xib in Resources */,
				1B5312E417A86AEA00D519D4 /* SoSviewContactCell.xib in Resources */,
				1BDF613317A9BEBA006A97D3 /* defaultProfileImage.png in Resources */,
				1BE2B8ED17B038D5001AAC9F /* customContactDetailCell.xib in Resources */,
				1B89491A17B2C995006F0B30 /* red-button.png in Resources */,
				1B89491C17B2DEF3006F0B30 /* fireIcon.png in Resources */,
				1B89491E17B2E591006F0B30 /* medicalCross.png in Resources */,
				1B89492417B2F0CB006F0B30 /* Gun-Silhouette-White.png in Resources */,
			);
			runOnlyForDeploymentPostprocessing = 0;
		};
/* End PBXResourcesBuildPhase section */

/* Begin PBXSourcesBuildPhase section */
		1B5312AF17A8678B00D519D4 /* Sources */ = {
			isa = PBXSourcesBuildPhase;
			buildActionMask = 2147483647;
			files = (
				1B5312C317A8678B00D519D4 /* main.m in Sources */,
				1B5312C717A8678B00D519D4 /* SoSAppDelegate.m in Sources */,
				1B5312D517A867DB00D519D4 /* SoSContactsVC.m in Sources */,
				1B5312E217A8691B00D519D4 /* SoSaddContactCell.m in Sources */,
				1B5312E717A86B0B00D519D4 /* SoSviewContactCell.m in Sources */,
				1BDF612E17A8B3AD006A97D3 /* SoSContactDetailsVC.m in Sources */,
				1BE2B8F017B03C69001AAC9F /* SoSCustomContactDetailCell.m in Sources */,
				1B89492917B2F467006F0B30 /* SoSEmergencyVC.m in Sources */,
			);
			runOnlyForDeploymentPostprocessing = 0;
		};
/* End PBXSourcesBuildPhase section */

/* Begin PBXVariantGroup section */
		1B5312BF17A8678B00D519D4 /* InfoPlist.strings */ = {
			isa = PBXVariantGroup;
			children = (
				1B5312C017A8678B00D519D4 /* en */,
			);
			name = InfoPlist.strings;
			sourceTree = "<group>";
		};
/* End PBXVariantGroup section */

/* Begin XCBuildConfiguration section */
		1B5312CE17A8678B00D519D4 /* Debug */ = {
			isa = XCBuildConfiguration;
			buildSettings = {
				ALWAYS_SEARCH_USER_PATHS = NO;
				CLANG_CXX_LANGUAGE_STANDARD = "gnu++0x";
				CLANG_CXX_LIBRARY = "libc++";
				CLANG_ENABLE_OBJC_ARC = YES;
				CLANG_WARN_CONSTANT_CONVERSION = YES;
				CLANG_WARN_EMPTY_BODY = YES;
				CLANG_WARN_ENUM_CONVERSION = YES;
				CLANG_WARN_INT_CONVERSION = YES;
				CLANG_WARN__DUPLICATE_METHOD_MATCH = YES;
				"CODE_SIGN_IDENTITY[sdk=iphoneos*]" = "iPhone Developer";
				COPY_PHASE_STRIP = NO;
				GCC_C_LANGUAGE_STANDARD = gnu99;
				GCC_DYNAMIC_NO_PIC = NO;
				GCC_OPTIMIZATION_LEVEL = 0;
				GCC_PREPROCESSOR_DEFINITIONS = (
					"DEBUG=1",
					"$(inherited)",
				);
				GCC_SYMBOLS_PRIVATE_EXTERN = NO;
				GCC_WARN_ABOUT_RETURN_TYPE = YES;
				GCC_WARN_UNINITIALIZED_AUTOS = YES;
				GCC_WARN_UNUSED_VARIABLE = YES;
				IPHONEOS_DEPLOYMENT_TARGET = 6.1;
				ONLY_ACTIVE_ARCH = YES;
				SDKROOT = iphoneos;
			};
			name = Debug;
		};
		1B5312CF17A8678B00D519D4 /* Release */ = {
			isa = XCBuildConfiguration;
			buildSettings = {
				ALWAYS_SEARCH_USER_PATHS = NO;
				CLANG_CXX_LANGUAGE_STANDARD = "gnu++0x";
				CLANG_CXX_LIBRARY = "libc++";
				CLANG_ENABLE_OBJC_ARC = YES;
				CLANG_WARN_CONSTANT_CONVERSION = YES;
				CLANG_WARN_EMPTY_BODY = YES;
				CLANG_WARN_ENUM_CONVERSION = YES;
				CLANG_WARN_INT_CONVERSION = YES;
				CLANG_WARN__DUPLICATE_METHOD_MATCH = YES;
				"CODE_SIGN_IDENTITY[sdk=iphoneos*]" = "iPhone Developer";
				COPY_PHASE_STRIP = YES;
				GCC_C_LANGUAGE_STANDARD = gnu99;
				GCC_WARN_ABOUT_RETURN_TYPE = YES;
				GCC_WARN_UNINITIALIZED_AUTOS = YES;
				GCC_WARN_UNUSED_VARIABLE = YES;
				IPHONEOS_DEPLOYMENT_TARGET = 6.1;
				OTHER_CFLAGS = "-DNS_BLOCK_ASSERTIONS=1";
				SDKROOT = iphoneos;
				VALIDATE_PRODUCT = YES;
			};
			name = Release;
		};
		1B5312D117A8678B00D519D4 /* Debug */ = {
			isa = XCBuildConfiguration;
			buildSettings = {
				GCC_PRECOMPILE_PREFIX_HEADER = YES;
				GCC_PREFIX_HEADER = "ISoS/ISoS-Prefix.pch";
				INFOPLIST_FILE = "ISoS/ISoS-Info.plist";
				PRODUCT_NAME = "$(TARGET_NAME)";
				WRAPPER_EXTENSION = app;
			};
			name = Debug;
		};
		1B5312D217A8678B00D519D4 /* Release */ = {
			isa = XCBuildConfiguration;
			buildSettings = {
				GCC_PRECOMPILE_PREFIX_HEADER = YES;
				GCC_PREFIX_HEADER = "ISoS/ISoS-Prefix.pch";
				INFOPLIST_FILE = "ISoS/ISoS-Info.plist";
				PRODUCT_NAME = "$(TARGET_NAME)";
				WRAPPER_EXTENSION = app;
			};
			name = Release;
		};
/* End XCBuildConfiguration section */

/* Begin XCConfigurationList section */
		1B5312AE17A8678B00D519D4 /* Build configuration list for PBXProject "ISoS" */ = {
			isa = XCConfigurationList;
			buildConfigurations = (
				1B5312CE17A8678B00D519D4 /* Debug */,
				1B5312CF17A8678B00D519D4 /* Release */,
			);
			defaultConfigurationIsVisible = 0;
			defaultConfigurationName = Release;
		};
		1B5312D017A8678B00D519D4 /* Build configuration list for PBXNativeTarget "ISoS" */ = {
			isa = XCConfigurationList;
			buildConfigurations = (
				1B5312D117A8678B00D519D4 /* Debug */,
				1B5312D217A8678B00D519D4 /* Release */,
			);
			defaultConfigurationIsVisible = 0;
			defaultConfigurationName = Release;
		};
/* End XCConfigurationList section */
	};
	rootObject = 1B5312AB17A8678B00D519D4 /* Project object */;
}
